
Microsoft Visual Studio Solution File, Format Version 12.00
# Visual Studio Version 17
VisualStudioVersion = 17.7.34031.279
MinimumVisualStudioVersion = 10.0.40219.1
Project("{FAE04EC0-301F-11D3-BF4B-00C04F79EFBC}") = "StudentInfoSys", "StudentInfoSys.csproj", "{265842E1-5940-4D69-9B39-40D29563BF88}"
EndProject
Global
	GlobalSection(SolutionConfigurationPlatforms) = preSolution
		Debug|Any CPU = Debug|Any CPU
		Release|Any CPU = Release|Any CPU
	EndGlobalSection
	GlobalSection(ProjectConfigurationPlatforms) = postSolution
		{265842E1-5940-4D69-9B39-40D29563BF88}.Debug|Any CPU.ActiveCfg = Debug|Any CPU
		{265842E1-5940-4D69-9B39-40D29563BF88}.Debug|Any CPU.Build.0 = Debug|Any CPU
		{265842E1-5940-4D69-9B39-40D29563BF88}.Release|Any CPU.ActiveCfg = Release|Any CPU
		{265842E1-5940-4D69-9B39-40D29563BF88}.Release|Any CPU.Build.0 = Release|Any CPU
	EndGlobalSection
	GlobalSection(SolutionProperties) = preSolution
		HideSolutionNode = FALSE
	EndGlobalSection
	GlobalSection(ExtensibilityGlobals) = postSolution
		SolutionGuid = {92587706-5D83-4281-9774-57FAB1579EBC}
	EndGlobalSection
EndGlobal
